
Microsoft Visual Studio Solution File, Format Version 12.00
# Visual Studio Version 17
VisualStudioVersion = 17.14.36414.22
MinimumVisualStudioVersion = 10.0.40219.1
Project("{FAE04EC0-301F-11D3-BF4B-00C04F79EFBC}") = "VideoRentalManagementSystem", "Video Rental Management System\VideoRentalManagementSystem.csproj", "{3EF01ECE-4C26-4907-8D17-D9899B79BCA9}"
EndProject
Project("{FAE04EC0-301F-11D3-BF4B-00C04F79EFBC}") = "Domain", "Domain\Domain.csproj", "{4B6963BA-D44C-4CBD-8430-5CEC5C05D271}"
EndProject
Project("{FAE04EC0-301F-11D3-BF4B-00C04F79EFBC}") = "Application", "Application\Application.csproj", "{284A3D30-18F7-4D34-B500-5350E10FE683}"
EndProject
Project("{FAE04EC0-301F-11D3-BF4B-00C04F79EFBC}") = "Infrastructure", "Infrastructure\Infrastructure.csproj", "{1514D0E1-4406-49C9-9EB2-16077BC4D38B}"
EndProject
Global
	GlobalSection(SolutionConfigurationPlatforms) = preSolution
		Debug|Any CPU = Debug|Any CPU
		Release|Any CPU = Release|Any CPU
	EndGlobalSection
	GlobalSection(ProjectConfigurationPlatforms) = postSolution
		{3EF01ECE-4C26-4907-8D17-D9899B79BCA9}.Debug|Any CPU.ActiveCfg = Debug|Any CPU
		{3EF01ECE-4C26-4907-8D17-D9899B79BCA9}.Debug|Any CPU.Build.0 = Debug|Any CPU
		{3EF01ECE-4C26-4907-8D17-D9899B79BCA9}.Release|Any CPU.ActiveCfg = Release|Any CPU
		{3EF01ECE-4C26-4907-8D17-D9899B79BCA9}.Release|Any CPU.Build.0 = Release|Any CPU
		{4B6963BA-D44C-4CBD-8430-5CEC5C05D271}.Debug|Any CPU.ActiveCfg = Debug|Any CPU
		{4B6963BA-D44C-4CBD-8430-5CEC5C05D271}.Debug|Any CPU.Build.0 = Debug|Any CPU
		{4B6963BA-D44C-4CBD-8430-5CEC5C05D271}.Release|Any CPU.ActiveCfg = Release|Any CPU
		{4B6963BA-D44C-4CBD-8430-5CEC5C05D271}.Release|Any CPU.Build.0 = Release|Any CPU
		{284A3D30-18F7-4D34-B500-5350E10FE683}.Debug|Any CPU.ActiveCfg = Debug|Any CPU
		{284A3D30-18F7-4D34-B500-5350E10FE683}.Debug|Any CPU.Build.0 = Debug|Any CPU
		{284A3D30-18F7-4D34-B500-5350E10FE683}.Release|Any CPU.ActiveCfg = Release|Any CPU
		{284A3D30-18F7-4D34-B500-5350E10FE683}.Release|Any CPU.Build.0 = Release|Any CPU
		{1514D0E1-4406-49C9-9EB2-16077BC4D38B}.Debug|Any CPU.ActiveCfg = Debug|Any CPU
		{1514D0E1-4406-49C9-9EB2-16077BC4D38B}.Debug|Any CPU.Build.0 = Debug|Any CPU
		{1514D0E1-4406-49C9-9EB2-16077BC4D38B}.Release|Any CPU.ActiveCfg = Release|Any CPU
		{1514D0E1-4406-49C9-9EB2-16077BC4D38B}.Release|Any CPU.Build.0 = Release|Any CPU
	EndGlobalSection
	GlobalSection(SolutionProperties) = preSolution
		HideSolutionNode = FALSE
	EndGlobalSection
	GlobalSection(ExtensibilityGlobals) = postSolution
		SolutionGuid = {41E901B2-5B2F-498D-B479-5C05E3308CCA}
	EndGlobalSection
EndGlobal
